
Microsoft Visual Studio Solution File, Format Version 12.00
Project("{FAE04EC0-301F-11D3-BF4B-00C04F79EFBC}") = "ShopApp.Web", "ShopApp.Web\ShopApp.Web.csproj", "{E7C119DA-E91B-468F-A750-F4F0EAAAD0B8}"
EndProject
Project("{FAE04EC0-301F-11D3-BF4B-00C04F79EFBC}") = "ShopApp.Models", "ShopApp.Models\ShopApp.Models.csproj", "{DF587EB2-F732-4A9C-B904-EC47241470E0}"
EndProject
Project("{FAE04EC0-301F-11D3-BF4B-00C04F79EFBC}") = "ShopApp.Data", "ShopApp.Data\ShopApp.Data.csproj", "{053F133E-B532-49A0-AA09-F63B906C8C16}"
EndProject
Global
	GlobalSection(SolutionConfigurationPlatforms) = preSolution
		Debug|Any CPU = Debug|Any CPU
		Release|Any CPU = Release|Any CPU
	EndGlobalSection
	GlobalSection(ProjectConfigurationPlatforms) = postSolution
		{E7C119DA-E91B-468F-A750-F4F0EAAAD0B8}.Debug|Any CPU.ActiveCfg = Debug|Any CPU
		{E7C119DA-E91B-468F-A750-F4F0EAAAD0B8}.Debug|Any CPU.Build.0 = Debug|Any CPU
		{E7C119DA-E91B-468F-A750-F4F0EAAAD0B8}.Release|Any CPU.ActiveCfg = Release|Any CPU
		{E7C119DA-E91B-468F-A750-F4F0EAAAD0B8}.Release|Any CPU.Build.0 = Release|Any CPU
		{DF587EB2-F732-4A9C-B904-EC47241470E0}.Debug|Any CPU.ActiveCfg = Debug|Any CPU
		{DF587EB2-F732-4A9C-B904-EC47241470E0}.Debug|Any CPU.Build.0 = Debug|Any CPU
		{DF587EB2-F732-4A9C-B904-EC47241470E0}.Release|Any CPU.ActiveCfg = Release|Any CPU
		{DF587EB2-F732-4A9C-B904-EC47241470E0}.Release|Any CPU.Build.0 = Release|Any CPU
		{053F133E-B532-49A0-AA09-F63B906C8C16}.Debug|Any CPU.ActiveCfg = Debug|Any CPU
		{053F133E-B532-49A0-AA09-F63B906C8C16}.Debug|Any CPU.Build.0 = Debug|Any CPU
		{053F133E-B532-49A0-AA09-F63B906C8C16}.Release|Any CPU.ActiveCfg = Release|Any CPU
		{053F133E-B532-49A0-AA09-F63B906C8C16}.Release|Any CPU.Build.0 = Release|Any CPU
	EndGlobalSection
EndGlobal
